
Microsoft Visual Studio Solution File, Format Version 12.00
# Visual Studio Version 16
VisualStudioVersion = 16.0.30011.22
MinimumVisualStudioVersion = 10.0.40219.1
Project("{FAE04EC0-301F-11D3-BF4B-00C04F79EFBC}") = "CoffeeShop", "CoffeeShop\CoffeeShop.csproj", "{6712B74F-ADB5-4BE7-9832-78C33B6FFEEC}"
EndProject
Project("{FAE04EC0-301F-11D3-BF4B-00C04F79EFBC}") = "CofeeShopDAL", "CofeeShopDAL\CofeeShopDAL.csproj", "{267A0CFC-133F-48D2-BDDA-9C266CB7A2B2}"
EndProject
Project("{FAE04EC0-301F-11D3-BF4B-00C04F79EFBC}") = "CoffeeShopBL", "CoffeeShopBL\CoffeeShopBL.csproj", "{9FD3B7FD-D34A-4CD5-B8DC-A0A161D71E06}"
EndProject
Global
	GlobalSection(SolutionConfigurationPlatforms) = preSolution
		Debug|Any CPU = Debug|Any CPU
		Release|Any CPU = Release|Any CPU
	EndGlobalSection
	GlobalSection(ProjectConfigurationPlatforms) = postSolution
		{6712B74F-ADB5-4BE7-9832-78C33B6FFEEC}.Debug|Any CPU.ActiveCfg = Debug|Any CPU
		{6712B74F-ADB5-4BE7-9832-78C33B6FFEEC}.Debug|Any CPU.Build.0 = Debug|Any CPU
		{6712B74F-ADB5-4BE7-9832-78C33B6FFEEC}.Release|Any CPU.ActiveCfg = Release|Any CPU
		{6712B74F-ADB5-4BE7-9832-78C33B6FFEEC}.Release|Any CPU.Build.0 = Release|Any CPU
		{267A0CFC-133F-48D2-BDDA-9C266CB7A2B2}.Debug|Any CPU.ActiveCfg = Debug|Any CPU
		{267A0CFC-133F-48D2-BDDA-9C266CB7A2B2}.Debug|Any CPU.Build.0 = Debug|Any CPU
		{267A0CFC-133F-48D2-BDDA-9C266CB7A2B2}.Release|Any CPU.ActiveCfg = Release|Any CPU
		{267A0CFC-133F-48D2-BDDA-9C266CB7A2B2}.Release|Any CPU.Build.0 = Release|Any CPU
		{9FD3B7FD-D34A-4CD5-B8DC-A0A161D71E06}.Debug|Any CPU.ActiveCfg = Debug|Any CPU
		{9FD3B7FD-D34A-4CD5-B8DC-A0A161D71E06}.Debug|Any CPU.Build.0 = Debug|Any CPU
		{9FD3B7FD-D34A-4CD5-B8DC-A0A161D71E06}.Release|Any CPU.ActiveCfg = Release|Any CPU
		{9FD3B7FD-D34A-4CD5-B8DC-A0A161D71E06}.Release|Any CPU.Build.0 = Release|Any CPU
	EndGlobalSection
	GlobalSection(SolutionProperties) = preSolution
		HideSolutionNode = FALSE
	EndGlobalSection
	GlobalSection(ExtensibilityGlobals) = postSolution
		SolutionGuid = {B6392FE9-EFC0-45E8-99FF-A68574FEF56A}
	EndGlobalSection
EndGlobal
